
Microsoft Visual Studio Solution File, Format Version 12.00
Project("{FAE04EC0-301F-11D3-BF4B-00C04F79EFBC}") = "PampaSoft.Data.Etl.Engine", "PampaSoft.Data.Etl.Engine\PampaSoft.Data.Etl.Engine.csproj", "{282C7B8D-61F3-45E1-BE8D-EA527C82EF8E}"
EndProject
Project("{FAE04EC0-301F-11D3-BF4B-00C04F79EFBC}") = "PampaSoft.Data.Etl.Tests", "PampaSoft.Data.Etl.Tests\PampaSoft.Data.Etl.Tests.csproj", "{102E79A6-BEA2-4DF0-A9F2-98A7F883DC56}"
EndProject
Project("{FAE04EC0-301F-11D3-BF4B-00C04F79EFBC}") = "PampaSoft.Data.Etl.WebApp", "PampaSoft.Data.Etl.WebApp\PampaSoft.Data.Etl.WebApp.csproj", "{013CD219-0195-4F92-BCE8-AC13AB059795}"
EndProject
Global
	GlobalSection(SolutionConfigurationPlatforms) = preSolution
		Debug|Any CPU = Debug|Any CPU
		Release|Any CPU = Release|Any CPU
	EndGlobalSection
	GlobalSection(ProjectConfigurationPlatforms) = postSolution
		{282C7B8D-61F3-45E1-BE8D-EA527C82EF8E}.Debug|Any CPU.ActiveCfg = Debug|Any CPU
		{282C7B8D-61F3-45E1-BE8D-EA527C82EF8E}.Debug|Any CPU.Build.0 = Debug|Any CPU
		{282C7B8D-61F3-45E1-BE8D-EA527C82EF8E}.Release|Any CPU.ActiveCfg = Release|Any CPU
		{282C7B8D-61F3-45E1-BE8D-EA527C82EF8E}.Release|Any CPU.Build.0 = Release|Any CPU
		{102E79A6-BEA2-4DF0-A9F2-98A7F883DC56}.Debug|Any CPU.ActiveCfg = Debug|Any CPU
		{102E79A6-BEA2-4DF0-A9F2-98A7F883DC56}.Debug|Any CPU.Build.0 = Debug|Any CPU
		{102E79A6-BEA2-4DF0-A9F2-98A7F883DC56}.Release|Any CPU.ActiveCfg = Release|Any CPU
		{102E79A6-BEA2-4DF0-A9F2-98A7F883DC56}.Release|Any CPU.Build.0 = Release|Any CPU
		{013CD219-0195-4F92-BCE8-AC13AB059795}.Debug|Any CPU.ActiveCfg = Debug|Any CPU
		{013CD219-0195-4F92-BCE8-AC13AB059795}.Debug|Any CPU.Build.0 = Debug|Any CPU
		{013CD219-0195-4F92-BCE8-AC13AB059795}.Release|Any CPU.ActiveCfg = Release|Any CPU
		{013CD219-0195-4F92-BCE8-AC13AB059795}.Release|Any CPU.Build.0 = Release|Any CPU
	EndGlobalSection
EndGlobal
